
Microsoft Visual Studio Solution File, Format Version 12.00
# Visual Studio Version 17
VisualStudioVersion = 17.8.34309.116
MinimumVisualStudioVersion = 10.0.40219.1
Project("{9A19103F-16F7-4668-BE54-9A1E7A4F7556}") = "PlanningCenterAPI", "PlanningCenterAPI\PlanningCenterAPI.csproj", "{53FAE42B-E9FC-4883-BB24-7C02B6540598}"
EndProject
Project("{FAE04EC0-301F-11D3-BF4B-00C04F79EFBC}") = "PlanningCenterAPI.Test", "PlanningCenterAPI.Test\PlanningCenterAPI.Test.csproj", "{5B72263A-ECC6-4E27-8E10-27E7313DEBE2}"
EndProject
Project("{FAE04EC0-301F-11D3-BF4B-00C04F79EFBC}") = "PlanningCenterScheduleUploader", "PlanningCenterScheduleUploader\PlanningCenterScheduleUploader.csproj", "{B69E436A-4BD5-4153-9691-1E3CA303165D}"
EndProject
Project("{FAE04EC0-301F-11D3-BF4B-00C04F79EFBC}") = "PlanningCenterAPI.Generate", "PlanningCenterAPI.Generate\PlanningCenterAPI.Generate.csproj", "{4559C35A-FA0A-4325-9A5E-E1AAC9E3CD7E}"
EndProject
Global
	GlobalSection(SolutionConfigurationPlatforms) = preSolution
		Debug|Any CPU = Debug|Any CPU
		Release|Any CPU = Release|Any CPU
	EndGlobalSection
	GlobalSection(ProjectConfigurationPlatforms) = postSolution
		{53FAE42B-E9FC-4883-BB24-7C02B6540598}.Debug|Any CPU.ActiveCfg = Debug|Any CPU
		{53FAE42B-E9FC-4883-BB24-7C02B6540598}.Debug|Any CPU.Build.0 = Debug|Any CPU
		{53FAE42B-E9FC-4883-BB24-7C02B6540598}.Release|Any CPU.ActiveCfg = Release|Any CPU
		{53FAE42B-E9FC-4883-BB24-7C02B6540598}.Release|Any CPU.Build.0 = Release|Any CPU
		{5B72263A-ECC6-4E27-8E10-27E7313DEBE2}.Debug|Any CPU.ActiveCfg = Debug|Any CPU
		{5B72263A-ECC6-4E27-8E10-27E7313DEBE2}.Debug|Any CPU.Build.0 = Debug|Any CPU
		{5B72263A-ECC6-4E27-8E10-27E7313DEBE2}.Release|Any CPU.ActiveCfg = Release|Any CPU
		{5B72263A-ECC6-4E27-8E10-27E7313DEBE2}.Release|Any CPU.Build.0 = Release|Any CPU
		{B69E436A-4BD5-4153-9691-1E3CA303165D}.Debug|Any CPU.ActiveCfg = Debug|Any CPU
		{B69E436A-4BD5-4153-9691-1E3CA303165D}.Debug|Any CPU.Build.0 = Debug|Any CPU
		{B69E436A-4BD5-4153-9691-1E3CA303165D}.Release|Any CPU.ActiveCfg = Release|Any CPU
		{B69E436A-4BD5-4153-9691-1E3CA303165D}.Release|Any CPU.Build.0 = Release|Any CPU
		{4559C35A-FA0A-4325-9A5E-E1AAC9E3CD7E}.Debug|Any CPU.ActiveCfg = Debug|Any CPU
		{4559C35A-FA0A-4325-9A5E-E1AAC9E3CD7E}.Debug|Any CPU.Build.0 = Debug|Any CPU
		{4559C35A-FA0A-4325-9A5E-E1AAC9E3CD7E}.Release|Any CPU.ActiveCfg = Release|Any CPU
		{4559C35A-FA0A-4325-9A5E-E1AAC9E3CD7E}.Release|Any CPU.Build.0 = Release|Any CPU
	EndGlobalSection
	GlobalSection(SolutionProperties) = preSolution
		HideSolutionNode = FALSE
	EndGlobalSection
	GlobalSection(ExtensibilityGlobals) = postSolution
		SolutionGuid = {509B7714-F7D5-4FE6-8665-141BDA3E241F}
	EndGlobalSection
EndGlobal
